
Microsoft Visual Studio Solution File, Format Version 12.00
# Visual Studio Version 17
VisualStudioVersion = 17.1.32414.318
MinimumVisualStudioVersion = 10.0.40219.1
Project("{9A19103F-16F7-4668-BE54-9A1E7A4F7556}") = "RuntimePerformance.WebApi", "RuntimePerformance.WebApi\RuntimePerformance.WebApi.csproj", "{AEA53190-ACB1-4E1D-A6EA-B2F8FF589DBE}"
EndProject
Project("{9A19103F-16F7-4668-BE54-9A1E7A4F7556}") = "RuntimePerformance.Shared", "RuntimePerformance.Shared\RuntimePerformance.Shared.csproj", "{E20D5F09-04DA-4D56-A1EE-5C6A5E039D2F}"
EndProject
Project("{9A19103F-16F7-4668-BE54-9A1E7A4F7556}") = "RuntimePerformance.Client", "RuntimePerformance.Client\RuntimePerformance.Client.csproj", "{A7D00D5A-136C-4A17-95F5-117CED6C13D9}"
EndProject
Project("{9A19103F-16F7-4668-BE54-9A1E7A4F7556}") = "RuntimePerformance.Contributions", "RuntimePerformance.Contributions\RuntimePerformance.Contributions.csproj", "{A0FBB933-3FC4-48E8-B7BC-E484D633F72D}"
EndProject
Project("{9A19103F-16F7-4668-BE54-9A1E7A4F7556}") = "RuntimePerformance.Conferences", "RuntimePerformance.Conferences\RuntimePerformance.Conferences.csproj", "{D571D871-EFCF-431F-BF1E-23E525FF8241}"
EndProject
Global
	GlobalSection(SolutionConfigurationPlatforms) = preSolution
		Debug|Any CPU = Debug|Any CPU
		Release|Any CPU = Release|Any CPU
	EndGlobalSection
	GlobalSection(ProjectConfigurationPlatforms) = postSolution
		{AEA53190-ACB1-4E1D-A6EA-B2F8FF589DBE}.Debug|Any CPU.ActiveCfg = Debug|Any CPU
		{AEA53190-ACB1-4E1D-A6EA-B2F8FF589DBE}.Debug|Any CPU.Build.0 = Debug|Any CPU
		{AEA53190-ACB1-4E1D-A6EA-B2F8FF589DBE}.Release|Any CPU.ActiveCfg = Release|Any CPU
		{AEA53190-ACB1-4E1D-A6EA-B2F8FF589DBE}.Release|Any CPU.Build.0 = Release|Any CPU
		{E20D5F09-04DA-4D56-A1EE-5C6A5E039D2F}.Debug|Any CPU.ActiveCfg = Debug|Any CPU
		{E20D5F09-04DA-4D56-A1EE-5C6A5E039D2F}.Debug|Any CPU.Build.0 = Debug|Any CPU
		{E20D5F09-04DA-4D56-A1EE-5C6A5E039D2F}.Release|Any CPU.ActiveCfg = Release|Any CPU
		{E20D5F09-04DA-4D56-A1EE-5C6A5E039D2F}.Release|Any CPU.Build.0 = Release|Any CPU
		{A7D00D5A-136C-4A17-95F5-117CED6C13D9}.Debug|Any CPU.ActiveCfg = Debug|Any CPU
		{A7D00D5A-136C-4A17-95F5-117CED6C13D9}.Debug|Any CPU.Build.0 = Debug|Any CPU
		{A7D00D5A-136C-4A17-95F5-117CED6C13D9}.Release|Any CPU.ActiveCfg = Release|Any CPU
		{A7D00D5A-136C-4A17-95F5-117CED6C13D9}.Release|Any CPU.Build.0 = Release|Any CPU
		{A0FBB933-3FC4-48E8-B7BC-E484D633F72D}.Debug|Any CPU.ActiveCfg = Debug|Any CPU
		{A0FBB933-3FC4-48E8-B7BC-E484D633F72D}.Debug|Any CPU.Build.0 = Debug|Any CPU
		{A0FBB933-3FC4-48E8-B7BC-E484D633F72D}.Release|Any CPU.ActiveCfg = Release|Any CPU
		{A0FBB933-3FC4-48E8-B7BC-E484D633F72D}.Release|Any CPU.Build.0 = Release|Any CPU
		{D571D871-EFCF-431F-BF1E-23E525FF8241}.Debug|Any CPU.ActiveCfg = Debug|Any CPU
		{D571D871-EFCF-431F-BF1E-23E525FF8241}.Debug|Any CPU.Build.0 = Debug|Any CPU
		{D571D871-EFCF-431F-BF1E-23E525FF8241}.Release|Any CPU.ActiveCfg = Release|Any CPU
		{D571D871-EFCF-431F-BF1E-23E525FF8241}.Release|Any CPU.Build.0 = Release|Any CPU
	EndGlobalSection
	GlobalSection(SolutionProperties) = preSolution
		HideSolutionNode = FALSE
	EndGlobalSection
	GlobalSection(ExtensibilityGlobals) = postSolution
		SolutionGuid = {8D665812-0709-4A36-882A-4D68D4F61EF7}
	EndGlobalSection
EndGlobal
